
Microsoft Visual Studio Solution File, Format Version 12.00
# Visual Studio Version 17
VisualStudioVersion = 17.10.35013.160
MinimumVisualStudioVersion = 10.0.40219.1
Project("{FAE04EC0-301F-11D3-BF4B-00C04F79EFBC}") = "TwitterAPI", "TwitterAPI.csproj", "{0D299A39-5AF0-404B-BA5F-81E93B913A70}"
EndProject
Global
	GlobalSection(SolutionConfigurationPlatforms) = preSolution
		Debug|Any CPU = Debug|Any CPU
		Release|Any CPU = Release|Any CPU
	EndGlobalSection
	GlobalSection(ProjectConfigurationPlatforms) = postSolution
		{0D299A39-5AF0-404B-BA5F-81E93B913A70}.Debug|Any CPU.ActiveCfg = Debug|Any CPU
		{0D299A39-5AF0-404B-BA5F-81E93B913A70}.Debug|Any CPU.Build.0 = Debug|Any CPU
		{0D299A39-5AF0-404B-BA5F-81E93B913A70}.Release|Any CPU.ActiveCfg = Release|Any CPU
		{0D299A39-5AF0-404B-BA5F-81E93B913A70}.Release|Any CPU.Build.0 = Release|Any CPU
	EndGlobalSection
	GlobalSection(SolutionProperties) = preSolution
		HideSolutionNode = FALSE
	EndGlobalSection
	GlobalSection(ExtensibilityGlobals) = postSolution
		SolutionGuid = {ED1C79A4-344D-4435-8C72-B1C4CB73CE97}
	EndGlobalSection
EndGlobal
